
Microsoft Visual Studio Solution File, Format Version 12.00
# Visual Studio 15
VisualStudioVersion = 15.0.26124.0
MinimumVisualStudioVersion = 15.0.26124.0
Project("{2150E333-8FDC-42A3-9474-1A3956D46DE8}") = "src", "src", "{20FEA212-7158-47AA-990F-40270FCDC0D6}"
EndProject
Project("{FAE04EC0-301F-11D3-BF4B-00C04F79EFBC}") = "Trello", "src\Trello\Trello.csproj", "{5189073B-EECF-461F-BE38-51255E95269A}"
EndProject
Project("{2150E333-8FDC-42A3-9474-1A3956D46DE8}") = "TrelloTests", "TrelloTests", "{A571806D-6A36-4D9E-83FA-923EBF210261}"
EndProject
Project("{FAE04EC0-301F-11D3-BF4B-00C04F79EFBC}") = "TrelloUnitTests", "TrelloTests\TrelloUnitTests\TrelloUnitTests.csproj", "{738330B7-1126-4EC3-803D-B84FA7E0DC89}"
EndProject
Global
	GlobalSection(SolutionConfigurationPlatforms) = preSolution
		Debug|Any CPU = Debug|Any CPU
		Debug|x64 = Debug|x64
		Debug|x86 = Debug|x86
		Release|Any CPU = Release|Any CPU
		Release|x64 = Release|x64
		Release|x86 = Release|x86
	EndGlobalSection
	GlobalSection(SolutionProperties) = preSolution
		HideSolutionNode = FALSE
	EndGlobalSection
	GlobalSection(ProjectConfigurationPlatforms) = postSolution
		{5189073B-EECF-461F-BE38-51255E95269A}.Debug|Any CPU.ActiveCfg = Debug|Any CPU
		{5189073B-EECF-461F-BE38-51255E95269A}.Debug|Any CPU.Build.0 = Debug|Any CPU
		{5189073B-EECF-461F-BE38-51255E95269A}.Debug|x64.ActiveCfg = Debug|Any CPU
		{5189073B-EECF-461F-BE38-51255E95269A}.Debug|x64.Build.0 = Debug|Any CPU
		{5189073B-EECF-461F-BE38-51255E95269A}.Debug|x86.ActiveCfg = Debug|Any CPU
		{5189073B-EECF-461F-BE38-51255E95269A}.Debug|x86.Build.0 = Debug|Any CPU
		{5189073B-EECF-461F-BE38-51255E95269A}.Release|Any CPU.ActiveCfg = Release|Any CPU
		{5189073B-EECF-461F-BE38-51255E95269A}.Release|Any CPU.Build.0 = Release|Any CPU
		{5189073B-EECF-461F-BE38-51255E95269A}.Release|x64.ActiveCfg = Release|Any CPU
		{5189073B-EECF-461F-BE38-51255E95269A}.Release|x64.Build.0 = Release|Any CPU
		{5189073B-EECF-461F-BE38-51255E95269A}.Release|x86.ActiveCfg = Release|Any CPU
		{5189073B-EECF-461F-BE38-51255E95269A}.Release|x86.Build.0 = Release|Any CPU
		{738330B7-1126-4EC3-803D-B84FA7E0DC89}.Debug|Any CPU.ActiveCfg = Debug|Any CPU
		{738330B7-1126-4EC3-803D-B84FA7E0DC89}.Debug|Any CPU.Build.0 = Debug|Any CPU
		{738330B7-1126-4EC3-803D-B84FA7E0DC89}.Debug|x64.ActiveCfg = Debug|Any CPU
		{738330B7-1126-4EC3-803D-B84FA7E0DC89}.Debug|x64.Build.0 = Debug|Any CPU
		{738330B7-1126-4EC3-803D-B84FA7E0DC89}.Debug|x86.ActiveCfg = Debug|Any CPU
		{738330B7-1126-4EC3-803D-B84FA7E0DC89}.Debug|x86.Build.0 = Debug|Any CPU
		{738330B7-1126-4EC3-803D-B84FA7E0DC89}.Release|Any CPU.ActiveCfg = Release|Any CPU
		{738330B7-1126-4EC3-803D-B84FA7E0DC89}.Release|Any CPU.Build.0 = Release|Any CPU
		{738330B7-1126-4EC3-803D-B84FA7E0DC89}.Release|x64.ActiveCfg = Release|Any CPU
		{738330B7-1126-4EC3-803D-B84FA7E0DC89}.Release|x64.Build.0 = Release|Any CPU
		{738330B7-1126-4EC3-803D-B84FA7E0DC89}.Release|x86.ActiveCfg = Release|Any CPU
		{738330B7-1126-4EC3-803D-B84FA7E0DC89}.Release|x86.Build.0 = Release|Any CPU
	EndGlobalSection
	GlobalSection(NestedProjects) = preSolution
		{5189073B-EECF-461F-BE38-51255E95269A} = {20FEA212-7158-47AA-990F-40270FCDC0D6}
		{738330B7-1126-4EC3-803D-B84FA7E0DC89} = {A571806D-6A36-4D9E-83FA-923EBF210261}
	EndGlobalSection
EndGlobal
